
Microsoft Visual Studio Solution File, Format Version 12.00
# Visual Studio Version 16
VisualStudioVersion = 16.0.30413.136
MinimumVisualStudioVersion = 10.0.40219.1
Project("{FAE04EC0-301F-11D3-BF4B-00C04F79EFBC}") = "GameStoreCoursework", "GameStoreCoursework\GameStoreCoursework.csproj", "{5C6D2F01-1078-4039-B8DE-3BE930814525}"
EndProject
Global
	GlobalSection(SolutionConfigurationPlatforms) = preSolution
		Debug|Any CPU = Debug|Any CPU
		Release|Any CPU = Release|Any CPU
	EndGlobalSection
	GlobalSection(ProjectConfigurationPlatforms) = postSolution
		{5C6D2F01-1078-4039-B8DE-3BE930814525}.Debug|Any CPU.ActiveCfg = Debug|Any CPU
		{5C6D2F01-1078-4039-B8DE-3BE930814525}.Debug|Any CPU.Build.0 = Debug|Any CPU
		{5C6D2F01-1078-4039-B8DE-3BE930814525}.Release|Any CPU.ActiveCfg = Release|Any CPU
		{5C6D2F01-1078-4039-B8DE-3BE930814525}.Release|Any CPU.Build.0 = Release|Any CPU
	EndGlobalSection
	GlobalSection(SolutionProperties) = preSolution
		HideSolutionNode = FALSE
	EndGlobalSection
	GlobalSection(ExtensibilityGlobals) = postSolution
		SolutionGuid = {1287FB1A-19E9-425B-8AF6-1F6E147AB4CE}
	EndGlobalSection
EndGlobal
